
Microsoft Visual Studio Solution File, Format Version 12.00
# Visual Studio 2013
VisualStudioVersion = 12.0.40629.0
MinimumVisualStudioVersion = 10.0.40219.1
Project("{FAE04EC0-301F-11D3-BF4B-00C04F79EFBC}") = "记账V.10", "记账V.10\记账V.10.csproj", "{656E4285-0EFF-4768-860E-6CC0C14D55C2}"
EndProject
Global
	GlobalSection(SolutionConfigurationPlatforms) = preSolution
		Debug|Any CPU = Debug|Any CPU
		Release|Any CPU = Release|Any CPU
	EndGlobalSection
	GlobalSection(ProjectConfigurationPlatforms) = postSolution
		{656E4285-0EFF-4768-860E-6CC0C14D55C2}.Debug|Any CPU.ActiveCfg = Debug|Any CPU
		{656E4285-0EFF-4768-860E-6CC0C14D55C2}.Debug|Any CPU.Build.0 = Debug|Any CPU
		{656E4285-0EFF-4768-860E-6CC0C14D55C2}.Release|Any CPU.ActiveCfg = Release|Any CPU
		{656E4285-0EFF-4768-860E-6CC0C14D55C2}.Release|Any CPU.Build.0 = Release|Any CPU
	EndGlobalSection
	GlobalSection(SolutionProperties) = preSolution
		HideSolutionNode = FALSE
	EndGlobalSection
EndGlobal
